
Microsoft Visual Studio Solution File, Format Version 12.00
# Visual Studio 2013
VisualStudioVersion = 12.0.21005.1
MinimumVisualStudioVersion = 10.0.40219.1
Project("{FAE04EC0-301F-11D3-BF4B-00C04F79EFBC}") = "AssemblyBasedProfiler", "AssemblyBasedProfiler\AssemblyBasedProfiler.csproj", "{64BCF2FB-E170-4E5D-8B3A-66B65B92C69D}"
EndProject
Project("{FAE04EC0-301F-11D3-BF4B-00C04F79EFBC}") = "ProfilerLib", "ProfilerLib\ProfilerLib.csproj", "{CCC2A2D3-436C-4D34-8995-A26F2A1C12F0}"
EndProject
Project("{FAE04EC0-301F-11D3-BF4B-00C04F79EFBC}") = "SimpleTreeViewer", "SimpleTreeViewer\SimpleTreeViewer.csproj", "{56C13349-5FB5-48E8-A991-099A8CCBD62B}"
EndProject
Global
	GlobalSection(SolutionConfigurationPlatforms) = preSolution
		Debug|Any CPU = Debug|Any CPU
		Release|Any CPU = Release|Any CPU
	EndGlobalSection
	GlobalSection(ProjectConfigurationPlatforms) = postSolution
		{64BCF2FB-E170-4E5D-8B3A-66B65B92C69D}.Debug|Any CPU.ActiveCfg = Debug|Any CPU
		{64BCF2FB-E170-4E5D-8B3A-66B65B92C69D}.Debug|Any CPU.Build.0 = Debug|Any CPU
		{64BCF2FB-E170-4E5D-8B3A-66B65B92C69D}.Release|Any CPU.ActiveCfg = Release|Any CPU
		{64BCF2FB-E170-4E5D-8B3A-66B65B92C69D}.Release|Any CPU.Build.0 = Release|Any CPU
		{CCC2A2D3-436C-4D34-8995-A26F2A1C12F0}.Debug|Any CPU.ActiveCfg = Debug|Any CPU
		{CCC2A2D3-436C-4D34-8995-A26F2A1C12F0}.Debug|Any CPU.Build.0 = Debug|Any CPU
		{CCC2A2D3-436C-4D34-8995-A26F2A1C12F0}.Release|Any CPU.ActiveCfg = Release|Any CPU
		{CCC2A2D3-436C-4D34-8995-A26F2A1C12F0}.Release|Any CPU.Build.0 = Release|Any CPU
		{56C13349-5FB5-48E8-A991-099A8CCBD62B}.Debug|Any CPU.ActiveCfg = Debug|Any CPU
		{56C13349-5FB5-48E8-A991-099A8CCBD62B}.Debug|Any CPU.Build.0 = Debug|Any CPU
		{56C13349-5FB5-48E8-A991-099A8CCBD62B}.Release|Any CPU.ActiveCfg = Release|Any CPU
		{56C13349-5FB5-48E8-A991-099A8CCBD62B}.Release|Any CPU.Build.0 = Release|Any CPU
	EndGlobalSection
	GlobalSection(SolutionProperties) = preSolution
		HideSolutionNode = FALSE
	EndGlobalSection
EndGlobal
